
Microsoft Visual Studio Solution File, Format Version 12.00
# Visual Studio Version 17
VisualStudioVersion = 17.7.34202.233
MinimumVisualStudioVersion = 10.0.40219.1
Project("{9A19103F-16F7-4668-BE54-9A1E7A4F7556}") = "WebAPI", "WebAPI\WebAPI.csproj", "{33AC8C6F-8C83-4F99-8BFD-DC37DCCB4BA2}"
EndProject
Project("{9A19103F-16F7-4668-BE54-9A1E7A4F7556}") = "Domain", "Domain\Domain.csproj", "{7185CF07-EF04-4E0E-8BF0-B612C8A822FC}"
EndProject
Project("{9A19103F-16F7-4668-BE54-9A1E7A4F7556}") = "Application", "Application\Application.csproj", "{02418D04-CFC6-4C69-9C78-FB91CA964AF4}"
EndProject
Project("{9A19103F-16F7-4668-BE54-9A1E7A4F7556}") = "Repository", "Repository\Repository.csproj", "{1CEF6DFC-A4C2-4B18-A4C5-BB1F7B6410B8}"
EndProject
Project("{9A19103F-16F7-4668-BE54-9A1E7A4F7556}") = "Infrastructure", "Infrastructure\Infrastructure.csproj", "{4DAF8428-06BA-499C-B98B-641D83E5CC29}"
EndProject
Project("{FAE04EC0-301F-11D3-BF4B-00C04F79EFBC}") = "Messages", "Messages\Messages.csproj", "{3DE321A3-55CE-4817-AB01-17B808090968}"
EndProject
Global
	GlobalSection(SolutionConfigurationPlatforms) = preSolution
		Debug|Any CPU = Debug|Any CPU
		Release|Any CPU = Release|Any CPU
	EndGlobalSection
	GlobalSection(ProjectConfigurationPlatforms) = postSolution
		{33AC8C6F-8C83-4F99-8BFD-DC37DCCB4BA2}.Debug|Any CPU.ActiveCfg = Debug|Any CPU
		{33AC8C6F-8C83-4F99-8BFD-DC37DCCB4BA2}.Debug|Any CPU.Build.0 = Debug|Any CPU
		{33AC8C6F-8C83-4F99-8BFD-DC37DCCB4BA2}.Release|Any CPU.ActiveCfg = Release|Any CPU
		{33AC8C6F-8C83-4F99-8BFD-DC37DCCB4BA2}.Release|Any CPU.Build.0 = Release|Any CPU
		{7185CF07-EF04-4E0E-8BF0-B612C8A822FC}.Debug|Any CPU.ActiveCfg = Debug|Any CPU
		{7185CF07-EF04-4E0E-8BF0-B612C8A822FC}.Debug|Any CPU.Build.0 = Debug|Any CPU
		{7185CF07-EF04-4E0E-8BF0-B612C8A822FC}.Release|Any CPU.ActiveCfg = Release|Any CPU
		{7185CF07-EF04-4E0E-8BF0-B612C8A822FC}.Release|Any CPU.Build.0 = Release|Any CPU
		{02418D04-CFC6-4C69-9C78-FB91CA964AF4}.Debug|Any CPU.ActiveCfg = Debug|Any CPU
		{02418D04-CFC6-4C69-9C78-FB91CA964AF4}.Debug|Any CPU.Build.0 = Debug|Any CPU
		{02418D04-CFC6-4C69-9C78-FB91CA964AF4}.Release|Any CPU.ActiveCfg = Release|Any CPU
		{02418D04-CFC6-4C69-9C78-FB91CA964AF4}.Release|Any CPU.Build.0 = Release|Any CPU
		{1CEF6DFC-A4C2-4B18-A4C5-BB1F7B6410B8}.Debug|Any CPU.ActiveCfg = Debug|Any CPU
		{1CEF6DFC-A4C2-4B18-A4C5-BB1F7B6410B8}.Debug|Any CPU.Build.0 = Debug|Any CPU
		{1CEF6DFC-A4C2-4B18-A4C5-BB1F7B6410B8}.Release|Any CPU.ActiveCfg = Release|Any CPU
		{1CEF6DFC-A4C2-4B18-A4C5-BB1F7B6410B8}.Release|Any CPU.Build.0 = Release|Any CPU
		{4DAF8428-06BA-499C-B98B-641D83E5CC29}.Debug|Any CPU.ActiveCfg = Debug|Any CPU
		{4DAF8428-06BA-499C-B98B-641D83E5CC29}.Debug|Any CPU.Build.0 = Debug|Any CPU
		{4DAF8428-06BA-499C-B98B-641D83E5CC29}.Release|Any CPU.ActiveCfg = Release|Any CPU
		{4DAF8428-06BA-499C-B98B-641D83E5CC29}.Release|Any CPU.Build.0 = Release|Any CPU
		{3DE321A3-55CE-4817-AB01-17B808090968}.Debug|Any CPU.ActiveCfg = Debug|Any CPU
		{3DE321A3-55CE-4817-AB01-17B808090968}.Debug|Any CPU.Build.0 = Debug|Any CPU
		{3DE321A3-55CE-4817-AB01-17B808090968}.Release|Any CPU.ActiveCfg = Release|Any CPU
		{3DE321A3-55CE-4817-AB01-17B808090968}.Release|Any CPU.Build.0 = Release|Any CPU
	EndGlobalSection
	GlobalSection(SolutionProperties) = preSolution
		HideSolutionNode = FALSE
	EndGlobalSection
	GlobalSection(ExtensibilityGlobals) = postSolution
		SolutionGuid = {FDC326D3-179E-451E-A9A8-297D254939CE}
	EndGlobalSection
EndGlobal
