
Microsoft Visual Studio Solution File, Format Version 12.00
# Visual Studio Version 17
VisualStudioVersion = 17.5.002.0
MinimumVisualStudioVersion = 10.0.40219.1
Project("{9A19103F-16F7-4668-BE54-9A1E7A4F7556}") = "WebAPI", "WebAPI.csproj", "{2DDF1F0A-A193-4571-837A-BC872A74E841}"
EndProject
Global
	GlobalSection(SolutionConfigurationPlatforms) = preSolution
		Debug|Any CPU = Debug|Any CPU
		Release|Any CPU = Release|Any CPU
	EndGlobalSection
	GlobalSection(ProjectConfigurationPlatforms) = postSolution
		{2DDF1F0A-A193-4571-837A-BC872A74E841}.Debug|Any CPU.ActiveCfg = Debug|Any CPU
		{2DDF1F0A-A193-4571-837A-BC872A74E841}.Debug|Any CPU.Build.0 = Debug|Any CPU
		{2DDF1F0A-A193-4571-837A-BC872A74E841}.Release|Any CPU.ActiveCfg = Release|Any CPU
		{2DDF1F0A-A193-4571-837A-BC872A74E841}.Release|Any CPU.Build.0 = Release|Any CPU
	EndGlobalSection
	GlobalSection(SolutionProperties) = preSolution
		HideSolutionNode = FALSE
	EndGlobalSection
	GlobalSection(ExtensibilityGlobals) = postSolution
		SolutionGuid = {E162189B-57D3-4C1D-A9D8-56260699F6F0}
	EndGlobalSection
EndGlobal
